dependencies:
- name: postgresql
  repository: oci://registry-1.docker.io/bitnamicharts
  version: 15.1.4
- name: coturn
  repository: https://small-hack.github.io/coturn-chart
  version: 5.2.0
- name: matrix-sliding-sync
  repository: https://small-hack.github.io/matrix-sliding-sync-chart
  version: 0.4.0
- name: matrix-authentication-service
  repository: https://small-hack.github.io/matrix-authentication-service-chart
  version: 0.5.6
digest: sha256:df8e8b0b4b4259e67785c2fa7ffc56d6c27c8cb32516b160980c98b59e089caf
generated: "2024-05-25T16:15:32.395690688+02:00"
