dependencies:
- name: postgresql
  repository: oci://registry-1.docker.io/bitnamicharts
  version: 13.1.5
- name: coturn
  repository: https://jessebot.github.io/coturn-chart
  version: 4.3.0
digest: sha256:dff8abafc7332bf167bf4faa8845944f5b450e54d3eb0a1b7a3a45cfed1c0329
generated: "2023-10-31T10:13:54.50646624Z"
